<?xml version="1.0" encoding="utf-8"?>
<Project ToolsVersion="4.0" xmlns="http://schemas.microsoft.com/developer/msbuild/2003">
  <ItemGroup>
    <Filter Include="Source Files">
      <UniqueIdentifier>{4FC737F1-C7A5-4376-A066-2A32D752A2FF}</UniqueIdentifier>
      <Extensions>cpp;c;cc;cxx;def;odl;idl;hpj;bat;asm;asmx</Extensions>
    </Filter>
    <Filter Include="Header Files">
      <UniqueIdentifier>{93995380-89BD-4b04-88EB-625FBE52EBFB}</UniqueIdentifier>
      <Extensions>h;hh;hpp;hxx;hm;inl;inc;ipp;xsd</Extensions>
    </Filter>
    <Filter Include="Resource Files">
      <UniqueIdentifier>{67DA6AB6-F800-4c08-8B7A-83BB121AAD01}</UniqueIdentifier>
      <Extensions>rc;ico;cur;bmp;dlg;rc2;rct;bin;rgs;gif;jpg;jpeg;jpe;resx;tiff;tif;png;wav;mfcribbon-ms</Extensions>
    </Filter>
    <Filter Include="Header Files\Core">
      <UniqueIdentifier>{553e4ff0-86e7-4bdc-89ba-0a27d6ab21a8}</UniqueIdentifier>
    </Filter>
    <Filter Include="Header Files\Objects">
      <UniqueIdentifier>{597b052f-94f8-4ad8-9813-17302fbec8f7}</UniqueIdentifier>
    </Filter>
    <Filter Include="Header Files\Windows">
      <UniqueIdentifier>{28af089d-82cb-4b23-9b78-be601a834511}</UniqueIdentifier>
    </Filter>
    <Filter Include="Source Files\Core">
      <UniqueIdentifier>{9a3ba79a-5c17-43ce-9a58-1368f587598c}</UniqueIdentifier>
    </Filter>
    <Filter Include="Source Files\Windows">
      <UniqueIdentifier>{78aa6fea-19bb-487a-842c-bf4b217d4ce9}</UniqueIdentifier>
    </Filter>
    <Filter Include="Source Files\Objects">
      <UniqueIdentifier>{7946306f-fbd9-46b6-ae26-24cb63c2cddc}</UniqueIdentifier>
    </Filter>
    <Filter Include="Source Files\GameLogic">
      <UniqueIdentifier>{0fc92884-283c-4a02-b3a6-38653d1f689e}</UniqueIdentifier>
    </Filter>
    <Filter Include="Header Files\Windows\Gui">
      <UniqueIdentifier>{042f9bae-f57f-4061-968f-beb661253326}</UniqueIdentifier>
    </Filter>
    <Filter Include="Source Files\Core\Engine">
      <UniqueIdentifier>{9065a360-8970-4de0-87e9-937dad499b55}</UniqueIdentifier>
    </Filter>
    <Filter Include="Source Files\Windows\Gui">
      <UniqueIdentifier>{b63afb0c-bd10-49fb-9de9-3ff803ab4a95}</UniqueIdentifier>
    </Filter>
  </ItemGroup>
  <ItemGroup>
    <ClInclude Include="src\Header Files\Core\Engine.h">
      <Filter>Header Files\Core</Filter>
    </ClInclude>
    <ClInclude Include="src\Header Files\Core\Map.h">
      <Filter>Header Files\Core</Filter>
    </ClInclude>
    <ClInclude Include="src\Header Files\Core\IniWriter.h">
      <Filter>Header Files\Core</Filter>
    </ClInclude>
    <ClInclude Include="src\Header Files\Core\Algorithms.h">
      <Filter>Header Files\Core</Filter>
    </ClInclude>
    <ClInclude Include="src\Header Files\Core\textureHolder.h">
      <Filter>Header Files\Core</Filter>
    </ClInclude>
    <ClInclude Include="src\Header Files\Core\Controller.h">
      <Filter>Header Files\Core</Filter>
    </ClInclude>
    <ClInclude Include="src\Header Files\Core\IniReader.h">
      <Filter>Header Files\Core</Filter>
    </ClInclude>
    <ClInclude Include="src\Header Files\Objects\DataBase.h">
      <Filter>Header Files\Objects</Filter>
    </ClInclude>
    <ClInclude Include="src\Header Files\Objects\object.h">
      <Filter>Header Files\Objects</Filter>
    </ClInclude>
    <ClInclude Include="src\Header Files\Objects\component.h">
      <Filter>Header Files\Objects</Filter>
    </ClInclude>
    <ClInclude Include="src\Header Files\Windows\MainMenu.h">
      <Filter>Header Files\Windows</Filter>
    </ClInclude>
    <ClInclude Include="src\Header Files\Windows\BootMenu.h">
      <Filter>Header Files\Windows</Filter>
    </ClInclude>
    <ClInclude Include="src\Header Files\Windows\InGameMainMenu.h">
      <Filter>Header Files\Windows</Filter>
    </ClInclude>
    <ClInclude Include="src\Header Files\Windows\Gui\Theme.h">
      <Filter>Header Files\Windows\Gui</Filter>
    </ClInclude>
    <ClInclude Include="src\Header Files\Windows\Gui\OptionBox.h">
      <Filter>Header Files\Windows\Gui</Filter>
    </ClInclude>
    <ClInclude Include="src\Header Files\Windows\Gui\ValueBar.h">
      <Filter>Header Files\Windows\Gui</Filter>
    </ClInclude>
    <ClInclude Include="src\Header Files\Windows\Gui\GuiElement.h">
      <Filter>Header Files\Windows\Gui</Filter>
    </ClInclude>
    <ClInclude Include="src\Header Files\Windows\GameMenu.h">
      <Filter>Header Files\Windows</Filter>
    </ClInclude>
  </ItemGroup>
  <ItemGroup>
    <ClCompile Include="src\Source Files\Core\GameApp.cpp">
      <Filter>Source Files\Core</Filter>
    </ClCompile>
    <ClCompile Include="src\Source Files\Core\IniWriter.cpp">
      <Filter>Source Files\Core</Filter>
    </ClCompile>
    <ClCompile Include="src\Source Files\Core\textureHolder.cpp">
      <Filter>Source Files\Core</Filter>
    </ClCompile>
    <ClCompile Include="src\Source Files\Core\IniReader.cpp">
      <Filter>Source Files\Core</Filter>
    </ClCompile>
    <ClCompile Include="src\Source Files\Core\Map.cpp">
      <Filter>Source Files\Core</Filter>
    </ClCompile>
    <ClCompile Include="src\Source Files\Core\Controller.cpp">
      <Filter>Source Files\Core</Filter>
    </ClCompile>
    <ClCompile Include="src\Source Files\Core\Engine\input.cpp">
      <Filter>Source Files\Core\Engine</Filter>
    </ClCompile>
    <ClCompile Include="src\Source Files\Core\Engine\camera.cpp">
      <Filter>Source Files\Core\Engine</Filter>
    </ClCompile>
    <ClCompile Include="src\Source Files\Core\Engine\draw.cpp">
      <Filter>Source Files\Core\Engine</Filter>
    </ClCompile>
    <ClCompile Include="src\Source Files\Core\Engine\Engine.cpp">
      <Filter>Source Files\Core\Engine</Filter>
    </ClCompile>
    <ClCompile Include="src\Source Files\Core\Engine\update.cpp">
      <Filter>Source Files\Core\Engine</Filter>
    </ClCompile>
    <ClCompile Include="src\Source Files\Core\Engine\init.cpp">
      <Filter>Source Files\Core\Engine</Filter>
    </ClCompile>
    <ClCompile Include="src\Source Files\Objects\LoadCharacters.cpp">
      <Filter>Source Files\Objects</Filter>
    </ClCompile>
    <ClCompile Include="src\Source Files\Objects\component.cpp">
      <Filter>Source Files\Objects</Filter>
    </ClCompile>
    <ClCompile Include="src\Source Files\Objects\object.cpp">
      <Filter>Source Files\Objects</Filter>
    </ClCompile>
    <ClCompile Include="src\Source Files\Objects\DataBase.cpp">
      <Filter>Source Files\Objects</Filter>
    </ClCompile>
    <ClCompile Include="src\Source Files\GameLogic\Algorithms.cpp">
      <Filter>Source Files\GameLogic</Filter>
    </ClCompile>
    <ClCompile Include="src\Source Files\Windows\MainMenu.cpp">
      <Filter>Source Files\Windows</Filter>
    </ClCompile>
    <ClCompile Include="src\Source Files\Windows\InGameMainMenu.cpp">
      <Filter>Source Files\Windows</Filter>
    </ClCompile>
    <ClCompile Include="src\Source Files\Windows\BootMenu.cpp">
      <Filter>Source Files\Windows</Filter>
    </ClCompile>
    <ClCompile Include="src\Source Files\Windows\Gui\OptionBox.cpp">
      <Filter>Source Files\Windows\Gui</Filter>
    </ClCompile>
    <ClCompile Include="src\Source Files\Windows\Gui\Theme.cpp">
      <Filter>Source Files\Windows\Gui</Filter>
    </ClCompile>
    <ClCompile Include="src\Source Files\Windows\Gui\ValueBar.cpp">
      <Filter>Source Files\Windows\Gui</Filter>
    </ClCompile>
    <ClCompile Include="src\Source Files\Windows\Gui\GuiElement.cpp">
      <Filter>Source Files\Windows\Gui</Filter>
    </ClCompile>
    <ClCompile Include="src\Source Files\Windows\GameMenu.cpp">
      <Filter>Source Files\Windows</Filter>
    </ClCompile>
  </ItemGroup>
</Project>
